
Microsoft Visual Studio Solution File, Format Version 12.00
# Visual Studio 2012
Project("{FAE04EC0-301F-11D3-BF4B-00C04F79EFBC}") = "BootstrapTable", "BootstrapTable\BootstrapTable.csproj", "{96C37D5D-95E5-48D1-A00F-01F3309CFCEF}"
EndProject
Project("{FAE04EC0-301F-11D3-BF4B-00C04F79EFBC}") = "BLL", "BLL\BLL.csproj", "{EE073EA3-1244-4AAA-8D15-FE7F066261A4}"
EndProject
Project("{FAE04EC0-301F-11D3-BF4B-00C04F79EFBC}") = "DAL", "DAL\DAL.csproj", "{B603600B-B4A8-40EB-9DD2-10E3B12893FD}"
EndProject
Global
	GlobalSection(SolutionConfigurationPlatforms) = preSolution
		Debug|Any CPU = Debug|Any CPU
		Release|Any CPU = Release|Any CPU
	EndGlobalSection
	GlobalSection(ProjectConfigurationPlatforms) = postSolution
		{96C37D5D-95E5-48D1-A00F-01F3309CFCEF}.Debug|Any CPU.ActiveCfg = Debug|Any CPU
		{96C37D5D-95E5-48D1-A00F-01F3309CFCEF}.Debug|Any CPU.Build.0 = Debug|Any CPU
		{96C37D5D-95E5-48D1-A00F-01F3309CFCEF}.Release|Any CPU.ActiveCfg = Release|Any CPU
		{96C37D5D-95E5-48D1-A00F-01F3309CFCEF}.Release|Any CPU.Build.0 = Release|Any CPU
		{EE073EA3-1244-4AAA-8D15-FE7F066261A4}.Debug|Any CPU.ActiveCfg = Debug|Any CPU
		{EE073EA3-1244-4AAA-8D15-FE7F066261A4}.Debug|Any CPU.Build.0 = Debug|Any CPU
		{EE073EA3-1244-4AAA-8D15-FE7F066261A4}.Release|Any CPU.ActiveCfg = Release|Any CPU
		{EE073EA3-1244-4AAA-8D15-FE7F066261A4}.Release|Any CPU.Build.0 = Release|Any CPU
		{B603600B-B4A8-40EB-9DD2-10E3B12893FD}.Debug|Any CPU.ActiveCfg = Debug|Any CPU
		{B603600B-B4A8-40EB-9DD2-10E3B12893FD}.Debug|Any CPU.Build.0 = Debug|Any CPU
		{B603600B-B4A8-40EB-9DD2-10E3B12893FD}.Release|Any CPU.ActiveCfg = Release|Any CPU
		{B603600B-B4A8-40EB-9DD2-10E3B12893FD}.Release|Any CPU.Build.0 = Release|Any CPU
	EndGlobalSection
	GlobalSection(SolutionProperties) = preSolution
		HideSolutionNode = FALSE
	EndGlobalSection
EndGlobal
